
Microsoft Visual Studio Solution File, Format Version 12.00
# Visual Studio Version 17
VisualStudioVersion = 17.2.32616.157
MinimumVisualStudioVersion = 10.0.40219.1
Project("{FAE04EC0-301F-11D3-BF4B-00C04F79EFBC}") = "TakeAnyNoteRemake", "TakeAnyNoteRemake\TakeAnyNoteRemake.csproj", "{7C269EB3-1F2A-4C9A-A8E4-D54E96362F43}"
EndProject
Global
	GlobalSection(SolutionConfigurationPlatforms) = preSolution
		Debug|Any CPU = Debug|Any CPU
		Release|Any CPU = Release|Any CPU
	EndGlobalSection
	GlobalSection(ProjectConfigurationPlatforms) = postSolution
		{7C269EB3-1F2A-4C9A-A8E4-D54E96362F43}.Debug|Any CPU.ActiveCfg = Debug|Any CPU
		{7C269EB3-1F2A-4C9A-A8E4-D54E96362F43}.Debug|Any CPU.Build.0 = Debug|Any CPU
		{7C269EB3-1F2A-4C9A-A8E4-D54E96362F43}.Release|Any CPU.ActiveCfg = Release|Any CPU
		{7C269EB3-1F2A-4C9A-A8E4-D54E96362F43}.Release|Any CPU.Build.0 = Release|Any CPU
	EndGlobalSection
	GlobalSection(SolutionProperties) = preSolution
		HideSolutionNode = FALSE
	EndGlobalSection
	GlobalSection(ExtensibilityGlobals) = postSolution
		SolutionGuid = {4784CB7C-AFFA-4FD1-AEE3-C81B35097003}
	EndGlobalSection
EndGlobal
